// !$*UTF8*$!
{
	archiveVersion = 1;
	classes = {
	};
	objectVersion = 51;
	objects = {

/* Begin PBXBuildFile section */
		9E34988B22E1D861001476A4 /* HealthKit.framework in Frameworks */ = {isa = PBXBuildFile; fileRef = 9E34988A22E1D861001476A4 /* HealthKit.framework */; };
		9E6F14AA22E5DE3C0019BBD1 /* TutorialViewController.swift in Sources */ = {isa = PBXBuildFile; fileRef = 9E6F14A922E5DE3C0019BBD1 /* TutorialViewController.swift */; };
		9EA380AC22E734980021C9A2 /* ButtonGradient.swift in Sources */ = {isa = PBXBuildFile; fileRef = 9EA380AB22E734980021C9A2 /* ButtonGradient.swift */; };
		AD12CBA622EA819600CCC7D3 /* ViewController.swift in Sources */ = {isa = PBXBuildFile; fileRef = AD12CBA522EA819600CCC7D3 /* ViewController.swift */; };
		AD12CBC922EF297700CCC7D3 /* Routine.swift in Sources */ = {isa = PBXBuildFile; fileRef = AD12CBC822EF297700CCC7D3 /* Routine.swift */; };
		B4C851762A102FB9057CA36F /* Pods_iReminder.framework in Frameworks */ = {isa = PBXBuildFile; fileRef = 837A0DC95EED9BF2BA3FD3CE /* Pods_iReminder.framework */; };
		E934EE8222E7852500D9A0C2 /* SettingsViewController.swift in Sources */ = {isa = PBXBuildFile; fileRef = E934EE8122E7852500D9A0C2 /* SettingsViewController.swift */; };
		E934EE8922E9E43300D9A0C2 /* Profile.swift in Sources */ = {isa = PBXBuildFile; fileRef = E934EE8822E9E43300D9A0C2 /* Profile.swift */; };
		E934EE8C22E9EA3F00D9A0C2 /* HealthStoreContainer.swift in Sources */ = {isa = PBXBuildFile; fileRef = E934EE8B22E9EA3F00D9A0C2 /* HealthStoreContainer.swift */; };
		E934EE8E22E9ED5400D9A0C2 /* Defaults.swift in Sources */ = {isa = PBXBuildFile; fileRef = E934EE8D22E9ED5400D9A0C2 /* Defaults.swift */; };
		E934EE9022E9EE7900D9A0C2 /* ProfileHK.swift in Sources */ = {isa = PBXBuildFile; fileRef = E934EE8F22E9EE7900D9A0C2 /* ProfileHK.swift */; };
		E934EE9222E9FC7D00D9A0C2 /* RoutineViewController.swift in Sources */ = {isa = PBXBuildFile; fileRef = E934EE9122E9FC7D00D9A0C2 /* RoutineViewController.swift */; };
		E934EE9622EA339500D9A0C2 /* CircularProgressBar.swift in Sources */ = {isa = PBXBuildFile; fileRef = E934EE9522EA339500D9A0C2 /* CircularProgressBar.swift */; };
		E9B677D122E09EF500D0CAE4 /* AppDelegate.swift in Sources */ = {isa = PBXBuildFile; fileRef = E9B677D022E09EF500D0CAE4 /* AppDelegate.swift */; };
		E9B677D622E09EF500D0CAE4 /* Main.storyboard in Resources */ = {isa = PBXBuildFile; fileRef = E9B677D422E09EF500D0CAE4 /* Main.storyboard */; };
		E9B677D822E09EF700D0CAE4 /* Assets.xcassets in Resources */ = {isa = PBXBuildFile; fileRef = E9B677D722E09EF700D0CAE4 /* Assets.xcassets */; };
		E9B677DB22E09EF700D0CAE4 /* LaunchScreen.storyboard in Resources */ = {isa = PBXBuildFile; fileRef = E9B677D922E09EF700D0CAE4 /* LaunchScreen.storyboard */; };
		E9F2A28322E5E7D8005E062D /* WaterHK.swift in Sources */ = {isa = PBXBuildFile; fileRef = E9F2A28222E5E7D8005E062D /* WaterHK.swift */; };
/* End PBXBuildFile section */

/* Begin PBXFileReference section */
		837A0DC95EED9BF2BA3FD3CE /* Pods_iReminder.framework */ = {isa = PBXFileReference; explicitFileType = wrapper.framework; includeInIndex = 0; path = Pods_iReminder.framework; sourceTree = BUILT_PRODUCTS_DIR; };
		9353B237F73B83B5E09D6228 /* Pods-iReminder.debug.xcconfig */ = {isa = PBXFileReference; includeInIndex = 1; lastKnownFileType = text.xcconfig; name = "Pods-iReminder.debug.xcconfig"; path = "Target Support Files/Pods-iReminder/Pods-iReminder.debug.xcconfig"; sourceTree = "<group>"; };
		9E34988622E1D69C001476A4 /* iReminder.entitlements */ = {isa = PBXFileReference; lastKnownFileType = text.plist.entitlements; path = iReminder.entitlements; sourceTree = "<group>"; };
		9E34988A22E1D861001476A4 /* HealthKit.framework */ = {isa = PBXFileReference; lastKnownFileType = wrapper.framework; name = HealthKit.framework; path = System/Library/Frameworks/HealthKit.framework; sourceTree = SDKROOT; };
		9E6F14A922E5DE3C0019BBD1 /* TutorialViewController.swift */ = {isa = PBXFileReference; lastKnownFileType = sourcecode.swift; path = TutorialViewController.swift; sourceTree = "<group>"; };
		9EA380AB22E734980021C9A2 /* ButtonGradient.swift */ = {isa = PBXFileReference; lastKnownFileType = sourcecode.swift; name = ButtonGradient.swift; path = ../ButtonGradient.swift; sourceTree = "<group>"; };
		AD12CBA522EA819600CCC7D3 /* ViewController.swift */ = {isa = PBXFileReference; fileEncoding = 4; lastKnownFileType = sourcecode.swift; name = ViewController.swift; path = ../../../../.Trash/ViewController.swift; sourceTree = "<group>"; };
		AD12CBC822EF297700CCC7D3 /* Routine.swift */ = {isa = PBXFileReference; lastKnownFileType = sourcecode.swift; path = Routine.swift; sourceTree = "<group>"; };
		BD63349DE4B577D6FFA5B2A0 /* Pods-iReminder.release.xcconfig */ = {isa = PBXFileReference; includeInIndex = 1; lastKnownFileType = text.xcconfig; name = "Pods-iReminder.release.xcconfig"; path = "Target Support Files/Pods-iReminder/Pods-iReminder.release.xcconfig"; sourceTree = "<group>"; };
		E934EE8122E7852500D9A0C2 /* SettingsViewController.swift */ = {isa = PBXFileReference; lastKnownFileType = sourcecode.swift; path = SettingsViewController.swift; sourceTree = "<group>"; };
		E934EE8822E9E43300D9A0C2 /* Profile.swift */ = {isa = PBXFileReference; lastKnownFileType = sourcecode.swift; path = Profile.swift; sourceTree = "<group>"; };
		E934EE8B22E9EA3F00D9A0C2 /* HealthStoreContainer.swift */ = {isa = PBXFileReference; lastKnownFileType = sourcecode.swift; path = HealthStoreContainer.swift; sourceTree = "<group>"; };
		E934EE8D22E9ED5400D9A0C2 /* Defaults.swift */ = {isa = PBXFileReference; lastKnownFileType = sourcecode.swift; path = Defaults.swift; sourceTree = "<group>"; };
		E934EE8F22E9EE7900D9A0C2 /* ProfileHK.swift */ = {isa = PBXFileReference; lastKnownFileType = sourcecode.swift; path = ProfileHK.swift; sourceTree = "<group>"; };
		E934EE9122E9FC7D00D9A0C2 /* RoutineViewController.swift */ = {isa = PBXFileReference; lastKnownFileType = sourcecode.swift; path = RoutineViewController.swift; sourceTree = "<group>"; };
		E934EE9522EA339500D9A0C2 /* CircularProgressBar.swift */ = {isa = PBXFileReference; lastKnownFileType = sourcecode.swift; path = CircularProgressBar.swift; sourceTree = "<group>"; };
		E9B677CD22E09EF500D0CAE4 /* iReminder.app */ = {isa = PBXFileReference; explicitFileType = wrapper.application; includeInIndex = 0; path = iReminder.app; sourceTree = BUILT_PRODUCTS_DIR; };
		E9B677D022E09EF500D0CAE4 /* AppDelegate.swift */ = {isa = PBXFileReference; lastKnownFileType = sourcecode.swift; path = AppDelegate.swift; sourceTree = "<group>"; };
		E9B677D522E09EF500D0CAE4 /* Base */ = {isa = PBXFileReference; lastKnownFileType = file.storyboard; name = Base; path = Base.lproj/Main.storyboard; sourceTree = "<group>"; };
		E9B677D722E09EF700D0CAE4 /* Assets.xcassets */ = {isa = PBXFileReference; lastKnownFileType = folder.assetcatalog; path = Assets.xcassets; sourceTree = "<group>"; };
		E9B677DA22E09EF700D0CAE4 /* Base */ = {isa = PBXFileReference; lastKnownFileType = file.storyboard; name = Base; path = Base.lproj/LaunchScreen.storyboard; sourceTree = "<group>"; };
		E9B677DC22E09EF700D0CAE4 /* Info.plist */ = {isa = PBXFileReference; lastKnownFileType = text.plist.xml; path = Info.plist; sourceTree = "<group>"; };
		E9F2A28222E5E7D8005E062D /* WaterHK.swift */ = {isa = PBXFileReference; lastKnownFileType = sourcecode.swift; path = WaterHK.swift; sourceTree = "<group>"; };
/* End PBXFileReference section */

/* Begin PBXFrameworksBuildPhase section */
		E9B677CA22E09EF500D0CAE4 /* Frameworks */ = {
			isa = PBXFrameworksBuildPhase;
			buildActionMask = 2147483647;
			files = (
				9E34988B22E1D861001476A4 /* HealthKit.framework in Frameworks */,
				B4C851762A102FB9057CA36F /* Pods_iReminder.framework in Frameworks */,
			);
			runOnlyForDeploymentPostprocessing = 0;
		};
/* End PBXFrameworksBuildPhase section */

/* Begin PBXGroup section */
		80E54F219C8ED1C1F1A22064 /* Pods */ = {
			isa = PBXGroup;
			children = (
				9353B237F73B83B5E09D6228 /* Pods-iReminder.debug.xcconfig */,
				BD63349DE4B577D6FFA5B2A0 /* Pods-iReminder.release.xcconfig */,
			);
			path = Pods;
			sourceTree = "<group>";
		};
		9E34988722E1D69C001476A4 /* Frameworks */ = {
			isa = PBXGroup;
			children = (
				9E34988A22E1D861001476A4 /* HealthKit.framework */,
				837A0DC95EED9BF2BA3FD3CE /* Pods_iReminder.framework */,
			);
			name = Frameworks;
			sourceTree = "<group>";
		};
		E934EE8722E9E41400D9A0C2 /* Model */ = {
			isa = PBXGroup;
			children = (
				E934EE8822E9E43300D9A0C2 /* Profile.swift */,
				E934EE8B22E9EA3F00D9A0C2 /* HealthStoreContainer.swift */,
				AD12CBC822EF297700CCC7D3 /* Routine.swift */,
			);
			path = Model;
			sourceTree = "<group>";
		};
		E9B677C422E09EF500D0CAE4 = {
			isa = PBXGroup;
			children = (
				E9B677CF22E09EF500D0CAE4 /* iReminder */,
				E9B677CE22E09EF500D0CAE4 /* Products */,
				9E34988722E1D69C001476A4 /* Frameworks */,
				80E54F219C8ED1C1F1A22064 /* Pods */,
			);
			sourceTree = "<group>";
		};
		E9B677CE22E09EF500D0CAE4 /* Products */ = {
			isa = PBXGroup;
			children = (
				E9B677CD22E09EF500D0CAE4 /* iReminder.app */,
			);
			name = Products;
			sourceTree = "<group>";
		};
		E9B677CF22E09EF500D0CAE4 /* iReminder */ = {
			isa = PBXGroup;
			children = (
				E9B677DC22E09EF700D0CAE4 /* Info.plist */,
				9E34988622E1D69C001476A4 /* iReminder.entitlements */,
				E9B677D722E09EF700D0CAE4 /* Assets.xcassets */,
				E9B677D022E09EF500D0CAE4 /* AppDelegate.swift */,
				E934EE8722E9E41400D9A0C2 /* Model */,
				E9F2A28122E5E75B005E062D /* Controllers */,
				E9F2A28022E5E753005E062D /* Helpers */,
				E9B677D422E09EF500D0CAE4 /* Main.storyboard */,
				E9B677D922E09EF700D0CAE4 /* LaunchScreen.storyboard */,
			);
			path = iReminder;
			sourceTree = "<group>";
		};
		E9F2A28022E5E753005E062D /* Helpers */ = {
			isa = PBXGroup;
			children = (
				E934EE8D22E9ED5400D9A0C2 /* Defaults.swift */,
				E9F2A28222E5E7D8005E062D /* WaterHK.swift */,
				E934EE8F22E9EE7900D9A0C2 /* ProfileHK.swift */,
				E934EE9522EA339500D9A0C2 /* CircularProgressBar.swift */,
			);
			path = Helpers;
			sourceTree = "<group>";
		};
		E9F2A28122E5E75B005E062D /* Controllers */ = {
			isa = PBXGroup;
			children = (
				9E6F14A922E5DE3C0019BBD1 /* TutorialViewController.swift */,
				9ED5A22822EB18B60013A5A4 /* ViewController.swift */,
				E934EE8122E7852500D9A0C2 /* SettingsViewController.swift */,
				9EA380AB22E734980021C9A2 /* ButtonGradient.swift */,
				E934EE9122E9FC7D00D9A0C2 /* RoutineViewController.swift */,
			);
			path = Controllers;
			sourceTree = "<group>";
		};
/* End PBXGroup section */

/* Begin PBXNativeTarget section */
		E9B677CC22E09EF500D0CAE4 /* iReminder */ = {
			isa = PBXNativeTarget;
			buildConfigurationList = E9B677DF22E09EF700D0CAE4 /* Build configuration list for PBXNativeTarget "iReminder" */;
			buildPhases = (
				B96714EAE00A85A87E3F79E9 /* [CP] Check Pods Manifest.lock */,
				E9B677C922E09EF500D0CAE4 /* Sources */,
				E9B677CA22E09EF500D0CAE4 /* Frameworks */,
				E9B677CB22E09EF500D0CAE4 /* Resources */,
				38C83EFD85F4CCD3E1DF6D85 /* [CP] Embed Pods Frameworks */,
			);
			buildRules = (
			);
			dependencies = (
			);
			name = iReminder;
			productName = iReminder;
			productReference = E9B677CD22E09EF500D0CAE4 /* iReminder.app */;
			productType = "com.apple.product-type.application";
		};
/* End PBXNativeTarget section */

/* Begin PBXProject section */
		E9B677C522E09EF500D0CAE4 /* Project object */ = {
			isa = PBXProject;
			attributes = {
				LastSwiftUpdateCheck = 1020;
				LastUpgradeCheck = 1020;
				ORGANIZATIONNAME = "Giovani Nícolas Bettoni";
				TargetAttributes = {
					E9B677CC22E09EF500D0CAE4 = {
						CreatedOnToolsVersion = 10.2.1;
						SystemCapabilities = {
							com.apple.HealthKit = {
								enabled = 1;
							};
						};
					};
				};
			};
			buildConfigurationList = E9B677C822E09EF500D0CAE4 /* Build configuration list for PBXProject "iReminder" */;
			compatibilityVersion = "Xcode 9.3";
			developmentRegion = en;
			hasScannedForEncodings = 0;
			knownRegions = (
				en,
				Base,
			);
			mainGroup = E9B677C422E09EF500D0CAE4;
			productRefGroup = E9B677CE22E09EF500D0CAE4 /* Products */;
			projectDirPath = "";
			projectRoot = "";
			targets = (
				E9B677CC22E09EF500D0CAE4 /* iReminder */,
			);
		};
/* End PBXProject section */

/* Begin PBXResourcesBuildPhase section */
		E9B677CB22E09EF500D0CAE4 /* Resources */ = {
			isa = PBXResourcesBuildPhase;
			buildActionMask = 2147483647;
			files = (
				E9B677DB22E09EF700D0CAE4 /* LaunchScreen.storyboard in Resources */,
				E9B677D822E09EF700D0CAE4 /* Assets.xcassets in Resources */,
				E9B677D622E09EF500D0CAE4 /* Main.storyboard in Resources */,
			);
			runOnlyForDeploymentPostprocessing = 0;
		};
/* End PBXResourcesBuildPhase section */

/* Begin PBXShellScriptBuildPhase section */
		38C83EFD85F4CCD3E1DF6D85 /* [CP] Embed Pods Frameworks */ = {
			isa = PBXShellScriptBuildPhase;
			buildActionMask = 2147483647;
			files = (
			);
			inputFileListPaths = (
				"${PODS_ROOT}/Target Support Files/Pods-iReminder/Pods-iReminder-frameworks-${CONFIGURATION}-input-files.xcfilelist",
			);
			name = "[CP] Embed Pods Frameworks";
			outputFileListPaths = (
				"${PODS_ROOT}/Target Support Files/Pods-iReminder/Pods-iReminder-frameworks-${CONFIGURATION}-output-files.xcfilelist",
			);
			runOnlyForDeploymentPostprocessing = 0;
			shellPath = /bin/sh;
			shellScript = "\"${PODS_ROOT}/Target Support Files/Pods-iReminder/Pods-iReminder-frameworks.sh\"\n";
			showEnvVarsInLog = 0;
		};
		B96714EAE00A85A87E3F79E9 /* [CP] Check Pods Manifest.lock */ = {
			isa = PBXShellScriptBuildPhase;
			buildActionMask = 2147483647;
			files = (
			);
			inputFileListPaths = (
			);
			inputPaths = (
				"${PODS_PODFILE_DIR_PATH}/Podfile.lock",
				"${PODS_ROOT}/Manifest.lock",
			);
			name = "[CP] Check Pods Manifest.lock";
			outputFileListPaths = (
			);
			outputPaths = (
				"$(DERIVED_FILE_DIR)/Pods-iReminder-checkManifestLockResult.txt",
			);
			runOnlyForDeploymentPostprocessing = 0;
			shellPath = /bin/sh;
			shellScript = "diff \"${PODS_PODFILE_DIR_PATH}/Podfile.lock\" \"${PODS_ROOT}/Manifest.lock\" > /dev/null\nif [ $? != 0 ] ; then\n    # print error to STDERR\n    echo \"error: The sandbox is not in sync with the Podfile.lock. Run 'pod install' or update your CocoaPods installation.\" >&2\n    exit 1\nfi\n# This output is used by Xcode 'outputs' to avoid re-running this script phase.\necho \"SUCCESS\" > \"${SCRIPT_OUTPUT_FILE_0}\"\n";
			showEnvVarsInLog = 0;
		};
/* End PBXShellScriptBuildPhase section */

/* Begin PBXSourcesBuildPhase section */
		E9B677C922E09EF500D0CAE4 /* Sources */ = {
			isa = PBXSourcesBuildPhase;
			buildActionMask = 2147483647;
			files = (
				E934EE9222E9FC7D00D9A0C2 /* RoutineViewController.swift in Sources */,
				AD12CBC922EF297700CCC7D3 /* Routine.swift in Sources */,
				E934EE8E22E9ED5400D9A0C2 /* Defaults.swift in Sources */,
				E9F2A28322E5E7D8005E062D /* WaterHK.swift in Sources */,
				9EA380AC22E734980021C9A2 /* ButtonGradient.swift in Sources */,
				E934EE8C22E9EA3F00D9A0C2 /* HealthStoreContainer.swift in Sources */,
				E934EE8922E9E43300D9A0C2 /* Profile.swift in Sources */,
				9ED5A22922EB18B70013A5A4 /* ViewController.swift in Sources */,
				9E6F14AA22E5DE3C0019BBD1 /* TutorialViewController.swift in Sources */,
				E9B677D122E09EF500D0CAE4 /* AppDelegate.swift in Sources */,
				E934EE9022E9EE7900D9A0C2 /* ProfileHK.swift in Sources */,
				E934EE8222E7852500D9A0C2 /* SettingsViewController.swift in Sources */,
				E934EE9622EA339500D9A0C2 /* CircularProgressBar.swift in Sources */,
			);
			runOnlyForDeploymentPostprocessing = 0;
		};
/* End PBXSourcesBuildPhase section */

/* Begin PBXVariantGroup section */
		E9B677D422E09EF500D0CAE4 /* Main.storyboard */ = {
			isa = PBXVariantGroup;
			children = (
				E9B677D522E09EF500D0CAE4 /* Base */,
			);
			name = Main.storyboard;
			sourceTree = "<group>";
		};
		E9B677D922E09EF700D0CAE4 /* LaunchScreen.storyboard */ = {
			isa = PBXVariantGroup;
			children = (
				E9B677DA22E09EF700D0CAE4 /* Base */,
			);
			name = LaunchScreen.storyboard;
			sourceTree = "<group>";
		};
/* End PBXVariantGroup section */

/* Begin XCBuildConfiguration section */
		E9B677DD22E09EF700D0CAE4 /* Debug */ = {
			isa = XCBuildConfiguration;
			buildSettings = {
				ALWAYS_SEARCH_USER_PATHS = NO;
				CLANG_ANALYZER_NONNULL = YES;
				CLANG_ANALYZER_NUMBER_OBJECT_CONVERSION = YES_AGGRESSIVE;
				CLANG_CXX_LANGUAGE_STANDARD = "gnu++14";
				CLANG_CXX_LIBRARY = "libc++";
				CLANG_ENABLE_MODULES = YES;
				CLANG_ENABLE_OBJC_ARC = YES;
				CLANG_ENABLE_OBJC_WEAK = YES;
				CLANG_WARN_BLOCK_CAPTURE_AUTORELEASING = YES;
				CLANG_WARN_BOOL_CONVERSION = YES;
				CLANG_WARN_COMMA = YES;
				CLANG_WARN_CONSTANT_CONVERSION = YES;
				CLANG_WARN_DEPRECATED_OBJC_IMPLEMENTATIONS = YES;
				CLANG_WARN_DIRECT_OBJC_ISA_USAGE = YES_ERROR;
				CLANG_WARN_DOCUMENTATION_COMMENTS = YES;
				CLANG_WARN_EMPTY_BODY = YES;
				CLANG_WARN_ENUM_CONVERSION = YES;
				CLANG_WARN_INFINITE_RECURSION = YES;
				CLANG_WARN_INT_CONVERSION = YES;
				CLANG_WARN_NON_LITERAL_NULL_CONVERSION = YES;
				CLANG_WARN_OBJC_IMPLICIT_RETAIN_SELF = YES;
				CLANG_WARN_OBJC_LITERAL_CONVERSION = YES;
				CLANG_WARN_OBJC_ROOT_CLASS = YES_ERROR;
				CLANG_WARN_RANGE_LOOP_ANALYSIS = YES;
				CLANG_WARN_STRICT_PROTOTYPES = YES;
				CLANG_WARN_SUSPICIOUS_MOVE = YES;
				CLANG_WARN_UNGUARDED_AVAILABILITY = YES_AGGRESSIVE;
				CLANG_WARN_UNREACHABLE_CODE = YES;
				CLANG_WARN__DUPLICATE_METHOD_MATCH = YES;
				CODE_SIGN_IDENTITY = "iPhone Developer";
				COPY_PHASE_STRIP = NO;
				DEBUG_INFORMATION_FORMAT = dwarf;
				ENABLE_STRICT_OBJC_MSGSEND = YES;
				ENABLE_TESTABILITY = YES;
				GCC_C_LANGUAGE_STANDARD = gnu11;
				GCC_DYNAMIC_NO_PIC = NO;
				GCC_NO_COMMON_BLOCKS = YES;
				GCC_OPTIMIZATION_LEVEL = 0;
				GCC_PREPROCESSOR_DEFINITIONS = (
					"DEBUG=1",
					"$(inherited)",
				);
				GCC_WARN_64_TO_32_BIT_CONVERSION = YES;
				GCC_WARN_ABOUT_RETURN_TYPE = YES_ERROR;
				GCC_WARN_UNDECLARED_SELECTOR = YES;
				GCC_WARN_UNINITIALIZED_AUTOS = YES_AGGRESSIVE;
				GCC_WARN_UNUSED_FUNCTION = YES;
				GCC_WARN_UNUSED_VARIABLE = YES;
				IPHONEOS_DEPLOYMENT_TARGET = 12.2;
				MTL_ENABLE_DEBUG_INFO = INCLUDE_SOURCE;
				MTL_FAST_MATH = YES;
				ONLY_ACTIVE_ARCH = YES;
				SDKROOT = iphoneos;
				SWIFT_ACTIVE_COMPILATION_CONDITIONS = DEBUG;
				SWIFT_OPTIMIZATION_LEVEL = "-Onone";
			};
			name = Debug;
		};
		E9B677DE22E09EF700D0CAE4 /* Release */ = {
			isa = XCBuildConfiguration;
			buildSettings = {
				ALWAYS_SEARCH_USER_PATHS = NO;
				CLANG_ANALYZER_NONNULL = YES;
				CLANG_ANALYZER_NUMBER_OBJECT_CONVERSION = YES_AGGRESSIVE;
				CLANG_CXX_LANGUAGE_STANDARD = "gnu++14";
				CLANG_CXX_LIBRARY = "libc++";
				CLANG_ENABLE_MODULES = YES;
				CLANG_ENABLE_OBJC_ARC = YES;
				CLANG_ENABLE_OBJC_WEAK = YES;
				CLANG_WARN_BLOCK_CAPTURE_AUTORELEASING = YES;
				CLANG_WARN_BOOL_CONVERSION = YES;
				CLANG_WARN_COMMA = YES;
				CLANG_WARN_CONSTANT_CONVERSION = YES;
				CLANG_WARN_DEPRECATED_OBJC_IMPLEMENTATIONS = YES;
				CLANG_WARN_DIRECT_OBJC_ISA_USAGE = YES_ERROR;
				CLANG_WARN_DOCUMENTATION_COMMENTS = YES;
				CLANG_WARN_EMPTY_BODY = YES;
				CLANG_WARN_ENUM_CONVERSION = YES;
				CLANG_WARN_INFINITE_RECURSION = YES;
				CLANG_WARN_INT_CONVERSION = YES;
				CLANG_WARN_NON_LITERAL_NULL_CONVERSION = YES;
				CLANG_WARN_OBJC_IMPLICIT_RETAIN_SELF = YES;
				CLANG_WARN_OBJC_LITERAL_CONVERSION = YES;
				CLANG_WARN_OBJC_ROOT_CLASS = YES_ERROR;
				CLANG_WARN_RANGE_LOOP_ANALYSIS = YES;
				CLANG_WARN_STRICT_PROTOTYPES = YES;
				CLANG_WARN_SUSPICIOUS_MOVE = YES;
				CLANG_WARN_UNGUARDED_AVAILABILITY = YES_AGGRESSIVE;
				CLANG_WARN_UNREACHABLE_CODE = YES;
				CLANG_WARN__DUPLICATE_METHOD_MATCH = YES;
				CODE_SIGN_IDENTITY = "iPhone Developer";
				COPY_PHASE_STRIP = NO;
				DEBUG_INFORMATION_FORMAT = "dwarf-with-dsym";
				ENABLE_NS_ASSERTIONS = NO;
				ENABLE_STRICT_OBJC_MSGSEND = YES;
				GCC_C_LANGUAGE_STANDARD = gnu11;
				GCC_NO_COMMON_BLOCKS = YES;
				GCC_WARN_64_TO_32_BIT_CONVERSION = YES;
				GCC_WARN_ABOUT_RETURN_TYPE = YES_ERROR;
				GCC_WARN_UNDECLARED_SELECTOR = YES;
				GCC_WARN_UNINITIALIZED_AUTOS = YES_AGGRESSIVE;
				GCC_WARN_UNUSED_FUNCTION = YES;
				GCC_WARN_UNUSED_VARIABLE = YES;
				IPHONEOS_DEPLOYMENT_TARGET = 12.2;
				MTL_ENABLE_DEBUG_INFO = NO;
				MTL_FAST_MATH = YES;
				SDKROOT = iphoneos;
				SWIFT_COMPILATION_MODE = wholemodule;
				SWIFT_OPTIMIZATION_LEVEL = "-O";
				VALIDATE_PRODUCT = YES;
			};
			name = Release;
		};
		E9B677E022E09EF700D0CAE4 /* Debug */ = {
			isa = XCBuildConfiguration;
			baseConfigurationReference = 9353B237F73B83B5E09D6228 /* Pods-iReminder.debug.xcconfig */;
			buildSettings = {
				ASSETCATALOG_COMPILER_APPICON_NAME = AppIcon;
				CODE_SIGN_ENTITLEMENTS = iReminder/iReminder.entitlements;
				CODE_SIGN_STYLE = Automatic;
				DEVELOPMENT_TEAM = VHG5SDJ6H6;
				INFOPLIST_FILE = iReminder/Info.plist;
				LD_RUNPATH_SEARCH_PATHS = (
					"$(inherited)",
					"@executable_path/Frameworks",
				);
				PRODUCT_BUNDLE_IDENTIFIER = com.team.ireminder;
				PRODUCT_NAME = "$(TARGET_NAME)";
				SWIFT_VERSION = 5.0;
				TARGETED_DEVICE_FAMILY = "1,2";
			};
			name = Debug;
		};
		E9B677E122E09EF700D0CAE4 /* Release */ = {
			isa = XCBuildConfiguration;
			baseConfigurationReference = BD63349DE4B577D6FFA5B2A0 /* Pods-iReminder.release.xcconfig */;
			buildSettings = {
				ASSETCATALOG_COMPILER_APPICON_NAME = AppIcon;
				CODE_SIGN_ENTITLEMENTS = iReminder/iReminder.entitlements;
				CODE_SIGN_STYLE = Automatic;
				DEVELOPMENT_TEAM = VHG5SDJ6H6;
				INFOPLIST_FILE = iReminder/Info.plist;
				LD_RUNPATH_SEARCH_PATHS = (
					"$(inherited)",
					"@executable_path/Frameworks",
				);
				PRODUCT_BUNDLE_IDENTIFIER = com.team.ireminder;
				PRODUCT_NAME = "$(TARGET_NAME)";
				SWIFT_VERSION = 5.0;
				TARGETED_DEVICE_FAMILY = "1,2";
			};
			name = Release;
		};
/* End XCBuildConfiguration section */

/* Begin XCConfigurationList section */
		E9B677C822E09EF500D0CAE4 /* Build configuration list for PBXProject "iReminder" */ = {
			isa = XCConfigurationList;
			buildConfigurations = (
				E9B677DD22E09EF700D0CAE4 /* Debug */,
				E9B677DE22E09EF700D0CAE4 /* Release */,
			);
			defaultConfigurationIsVisible = 0;
			defaultConfigurationName = Release;
		};
		E9B677DF22E09EF700D0CAE4 /* Build configuration list for PBXNativeTarget "iReminder" */ = {
			isa = XCConfigurationList;
			buildConfigurations = (
				E9B677E022E09EF700D0CAE4 /* Debug */,
				E9B677E122E09EF700D0CAE4 /* Release */,
			);
			defaultConfigurationIsVisible = 0;
			defaultConfigurationName = Release;
		};
/* End XCConfigurationList section */
	};
	rootObject = E9B677C522E09EF500D0CAE4 /* Project object */;
}
