PODS:
  - UICircularProgressRing (6.2.1)

DEPENDENCIES:
  - UICircularProgressRing

SPEC REPOS:
  https://github.com/cocoapods/specs.git:
    - UICircularProgressRing

SPEC CHECKSUMS:
  UICircularProgressRing: b52543c79dbd89844e13f0053e3f565b7d7efc5c

PODFILE CHECKSUM: 6571da624ed9a6c843689fc4212adc0f27516bb1

COCOAPODS: 1.7.4
